
Microsoft Visual Studio Solution File, Format Version 12.00
# Visual Studio Version 17
VisualStudioVersion = 17.11.35327.3
MinimumVisualStudioVersion = 10.0.40219.1
Project("{FAE04EC0-301F-11D3-BF4B-00C04F79EFBC}") = "Calculator", "Calculator\Calculator.csproj", "{AB652D20-59D9-4989-88DE-97FFEA7ED2A2}"
EndProject
Global
	GlobalSection(SolutionConfigurationPlatforms) = preSolution
		Debug|Any CPU = Debug|Any CPU
		Release|Any CPU = Release|Any CPU
	EndGlobalSection
	GlobalSection(ProjectConfigurationPlatforms) = postSolution
		{AB652D20-59D9-4989-88DE-97FFEA7ED2A2}.Debug|Any CPU.ActiveCfg = Debug|Any CPU
		{AB652D20-59D9-4989-88DE-97FFEA7ED2A2}.Debug|Any CPU.Build.0 = Debug|Any CPU
		{AB652D20-59D9-4989-88DE-97FFEA7ED2A2}.Release|Any CPU.ActiveCfg = Release|Any CPU
		{AB652D20-59D9-4989-88DE-97FFEA7ED2A2}.Release|Any CPU.Build.0 = Release|Any CPU
	EndGlobalSection
	GlobalSection(SolutionProperties) = preSolution
		HideSolutionNode = FALSE
	EndGlobalSection
	GlobalSection(ExtensibilityGlobals) = postSolution
		SolutionGuid = {6E4B1027-FCF5-4449-8F9A-3D4460D96492}
	EndGlobalSection
EndGlobal
